{
  "name": "Manpower",
  "lockfileVersion": 2,
  "requires": true,
  "packages": {
    "": {
      "dependencies": {
        "@fortawesome/fontawesome-free": "^6.2.0",
        "bootstrap": "^5.2.1",
        "chart.js": "^3.9.1",
        "datatables.net-bs5": "^1.12.1",
        "font-awesome": "^4.7.0",
        "jquery": "^3.2.1"
      }
    },
    "node_modules/@fortawesome/fontawesome-free": {
      "version": "6.2.0",
      "resolved": "https://registry.npmjs.org/@fortawesome/fontawesome-free/-/fontawesome-free-6.2.0.tgz",
      "integrity": "sha512-CNR7qRIfCwWHNN7FnKUniva94edPdyQzil/zCwk3v6k4R6rR2Fr8i4s3PM7n/lyfPA6Zfko9z5WDzFxG9SW1uQ==",
      "hasInstallScript": true,
      "engines": {
        "node": ">=6"
      }
    },
    "node_modules/@popperjs/core": {
      "version": "2.11.6",
      "resolved": "https://registry.npmjs.org/@popperjs/core/-/core-2.11.6.tgz",
      "integrity": "sha512-50/17A98tWUfQ176raKiOGXuYpLyyVMkxxG6oylzL3BPOlA6ADGdK7EYunSa4I064xerltq9TGXs8HmOk5E+vw==",
      "peer": true,
      "funding": {
        "type": "opencollective",
        "url": "https://opencollective.com/popperjs"
      }
    },
    "node_modules/bootstrap": {
      "version": "5.2.1",
      "resolved": "https://registry.npmjs.org/bootstrap/-/bootstrap-5.2.1.tgz",
      "integrity": "sha512-UQi3v2NpVPEi1n35dmRRzBJFlgvWHYwyem6yHhuT6afYF+sziEt46McRbT//kVXZ7b1YUYEVGdXEH74Nx3xzGA==",
      "funding": [
        {
          "type": "github",
          "url": "https://github.com/sponsors/twbs"
        },
        {
          "type": "opencollective",
          "url": "https://opencollective.com/bootstrap"
        }
      ],
      "peerDependencies": {
        "@popperjs/core": "^2.11.6"
      }
    },
    "node_modules/chart.js": {
      "version": "3.9.1",
      "resolved": "https://registry.npmjs.org/chart.js/-/chart.js-3.9.1.tgz",
      "integrity": "sha512-Ro2JbLmvg83gXF5F4sniaQ+lTbSv18E+TIf2cOeiH1Iqd2PGFOtem+DUufMZsCJwFE7ywPOpfXFBwRTGq7dh6w=="
    },
    "node_modules/datatables.net": {
      "version": "1.12.1",
      "resolved": "https://registry.npmjs.org/datatables.net/-/datatables.net-1.12.1.tgz",
      "integrity": "sha512-e6XAMUoV41JdQPS/r9YRfRcmTPcCVvyZbWI+xog1Zg+kjVliMQbEkvWK5XFItmi64Cvwg+IqsZbTUJ1KSY3umA==",
      "dependencies": {
        "jquery": ">=1.7"
      }
    },
    "node_modules/datatables.net-bs5": {
      "version": "1.12.1",
      "resolved": "https://registry.npmjs.org/datatables.net-bs5/-/datatables.net-bs5-1.12.1.tgz",
      "integrity": "sha512-CcQCImfmH4YZk7I0aC0kTiNPyfHJ2ueGgOh/kFB9KqsZD8bNJy2A88gC6hn9A7TbmmenOL+K3Q1ti7G8yqi8SQ==",
      "dependencies": {
        "datatables.net": ">=1.11.3",
        "jquery": ">=1.7"
      }
    },
    "node_modules/font-awesome": {
      "version": "4.7.0",
      "resolved": "https://registry.npmjs.org/font-awesome/-/font-awesome-4.7.0.tgz",
      "integrity": "sha512-U6kGnykA/6bFmg1M/oT9EkFeIYv7JlX3bozwQJWiiLz6L0w3F5vBVPxHlwyX/vtNq1ckcpRKOB9f2Qal/VtFpg==",
      "engines": {
        "node": ">=0.10.3"
      }
    },
    "node_modules/jquery": {
      "version": "3.2.1",
      "resolved": "https://registry.npmjs.org/jquery/-/jquery-3.2.1.tgz",
      "integrity": "sha512-iQUctXqe/nSa7hshPkQnJaJEUfxM139//hg2nJj+wsqVvd/YgXALR3jTNGh7BylgsyfcC8r4i2cJrClGBkDu5Q=="
    }
  },
  "dependencies": {
    "@fortawesome/fontawesome-free": {
      "version": "6.2.0",
      "resolved": "https://registry.npmjs.org/@fortawesome/fontawesome-free/-/fontawesome-free-6.2.0.tgz",
      "integrity": "sha512-CNR7qRIfCwWHNN7FnKUniva94edPdyQzil/zCwk3v6k4R6rR2Fr8i4s3PM7n/lyfPA6Zfko9z5WDzFxG9SW1uQ=="
    },
    "@popperjs/core": {
      "version": "2.11.6",
      "resolved": "https://registry.npmjs.org/@popperjs/core/-/core-2.11.6.tgz",
      "integrity": "sha512-50/17A98tWUfQ176raKiOGXuYpLyyVMkxxG6oylzL3BPOlA6ADGdK7EYunSa4I064xerltq9TGXs8HmOk5E+vw==",
      "peer": true
    },
    "bootstrap": {
      "version": "5.2.1",
      "resolved": "https://registry.npmjs.org/bootstrap/-/bootstrap-5.2.1.tgz",
      "integrity": "sha512-UQi3v2NpVPEi1n35dmRRzBJFlgvWHYwyem6yHhuT6afYF+sziEt46McRbT//kVXZ7b1YUYEVGdXEH74Nx3xzGA==",
      "requires": {}
    },
    "chart.js": {
      "version": "3.9.1",
      "resolved": "https://registry.npmjs.org/chart.js/-/chart.js-3.9.1.tgz",
      "integrity": "sha512-Ro2JbLmvg83gXF5F4sniaQ+lTbSv18E+TIf2cOeiH1Iqd2PGFOtem+DUufMZsCJwFE7ywPOpfXFBwRTGq7dh6w=="
    },
    "datatables.net": {
      "version": "1.12.1",
      "resolved": "https://registry.npmjs.org/datatables.net/-/datatables.net-1.12.1.tgz",
      "integrity": "sha512-e6XAMUoV41JdQPS/r9YRfRcmTPcCVvyZbWI+xog1Zg+kjVliMQbEkvWK5XFItmi64Cvwg+IqsZbTUJ1KSY3umA==",
      "requires": {
        "jquery": ">=1.7"
      }
    },
    "datatables.net-bs5": {
      "version": "1.12.1",
      "resolved": "https://registry.npmjs.org/datatables.net-bs5/-/datatables.net-bs5-1.12.1.tgz",
      "integrity": "sha512-CcQCImfmH4YZk7I0aC0kTiNPyfHJ2ueGgOh/kFB9KqsZD8bNJy2A88gC6hn9A7TbmmenOL+K3Q1ti7G8yqi8SQ==",
      "requires": {
        "datatables.net": ">=1.11.3",
        "jquery": ">=1.7"
      }
    },
    "font-awesome": {
      "version": "4.7.0",
      "resolved": "https://registry.npmjs.org/font-awesome/-/font-awesome-4.7.0.tgz",
      "integrity": "sha512-U6kGnykA/6bFmg1M/oT9EkFeIYv7JlX3bozwQJWiiLz6L0w3F5vBVPxHlwyX/vtNq1ckcpRKOB9f2Qal/VtFpg=="
    },
    "jquery": {
      "version": "3.2.1",
      "resolved": "https://registry.npmjs.org/jquery/-/jquery-3.2.1.tgz",
      "integrity": "sha512-iQUctXqe/nSa7hshPkQnJaJEUfxM139//hg2nJj+wsqVvd/YgXALR3jTNGh7BylgsyfcC8r4i2cJrClGBkDu5Q=="
    }
  }
}
